
Microsoft Visual Studio Solution File, Format Version 12.00
# Visual Studio Version 16
VisualStudioVersion = 16.0.31911.196
MinimumVisualStudioVersion = 10.0.40219.1
Project("{FAE04EC0-301F-11D3-BF4B-00C04F79EFBC}") = "Class homework", "Class homework\Class homework.csproj", "{B9065C7A-92AD-452E-8DCB-C1F416DB865B}"
EndProject
Global
	GlobalSection(SolutionConfigurationPlatforms) = preSolution
		Debug|Any CPU = Debug|Any CPU
		Release|Any CPU = Release|Any CPU
	EndGlobalSection
	GlobalSection(ProjectConfigurationPlatforms) = postSolution
		{B9065C7A-92AD-452E-8DCB-C1F416DB865B}.Debug|Any CPU.ActiveCfg = Debug|Any CPU
		{B9065C7A-92AD-452E-8DCB-C1F416DB865B}.Debug|Any CPU.Build.0 = Debug|Any CPU
		{B9065C7A-92AD-452E-8DCB-C1F416DB865B}.Release|Any CPU.ActiveCfg = Release|Any CPU
		{B9065C7A-92AD-452E-8DCB-C1F416DB865B}.Release|Any CPU.Build.0 = Release|Any CPU
	EndGlobalSection
	GlobalSection(SolutionProperties) = preSolution
		HideSolutionNode = FALSE
	EndGlobalSection
	GlobalSection(ExtensibilityGlobals) = postSolution
		SolutionGuid = {387B938F-3E71-4BFB-9B2A-CB8D8831C10B}
	EndGlobalSection
EndGlobal
